// !$*UTF8*$!
{
	archiveVersion = 1;
	classes = {
	};
	objectVersion = 50;
	objects = {

/* Begin PBXBuildFile section */
		1000433F20D1BFC000359546 /* AppDelegate.swift in Sources */ = {isa = PBXBuildFile; fileRef = 1000433E20D1BFC000359546 /* AppDelegate.swift */; };
		1000434420D1BFC000359546 /* Main.storyboard in Resources */ = {isa = PBXBuildFile; fileRef = 1000434220D1BFC000359546 /* Main.storyboard */; };
		1000434720D1BFC000359546 /* IOS_Challenge_AvenueCode.xcdatamodeld in Sources */ = {isa = PBXBuildFile; fileRef = 1000434520D1BFC000359546 /* IOS_Challenge_AvenueCode.xcdatamodeld */; };
		1000434920D1BFC100359546 /* Assets.xcassets in Resources */ = {isa = PBXBuildFile; fileRef = 1000434820D1BFC100359546 /* Assets.xcassets */; };
		1000434C20D1BFC100359546 /* LaunchScreen.storyboard in Resources */ = {isa = PBXBuildFile; fileRef = 1000434A20D1BFC100359546 /* LaunchScreen.storyboard */; };
		1000437120D1C2A300359546 /* SearchViewController.swift in Sources */ = {isa = PBXBuildFile; fileRef = 1000437020D1C2A300359546 /* SearchViewController.swift */; };
		1000437320D1C2A900359546 /* SearchFooter.swift in Sources */ = {isa = PBXBuildFile; fileRef = 1000437220D1C2A900359546 /* SearchFooter.swift */; };
		1000437520D1C2AE00359546 /* Location.swift in Sources */ = {isa = PBXBuildFile; fileRef = 1000437420D1C2AE00359546 /* Location.swift */; };
		1000437720D1C2B600359546 /* DetailViewController.swift in Sources */ = {isa = PBXBuildFile; fileRef = 1000437620D1C2B600359546 /* DetailViewController.swift */; };
		100043D620D2099500359546 /* ModelTests.swift in Sources */ = {isa = PBXBuildFile; fileRef = 100043D520D2099500359546 /* ModelTests.swift */; };
		100043E420D209B300359546 /* UITests.swift in Sources */ = {isa = PBXBuildFile; fileRef = 100043E320D209B300359546 /* UITests.swift */; };
		ACE862AFF40BDB0887F2E356 /* libPods-IOS_Challenge_AvenueCode.a in Frameworks */ = {isa = PBXBuildFile; fileRef = 10C972601FFE2794A5AE84DD /* libPods-IOS_Challenge_AvenueCode.a */; };
/* End PBXBuildFile section */

/* Begin PBXContainerItemProxy section */
		100043D820D2099500359546 /* PBXContainerItemProxy */ = {
			isa = PBXContainerItemProxy;
			containerPortal = 1000433320D1BFC000359546 /* Project object */;
			proxyType = 1;
			remoteGlobalIDString = 1000433A20D1BFC000359546;
			remoteInfo = IOS_Challenge_AvenueCode;
		};
		100043E620D209B300359546 /* PBXContainerItemProxy */ = {
			isa = PBXContainerItemProxy;
			containerPortal = 1000433320D1BFC000359546 /* Project object */;
			proxyType = 1;
			remoteGlobalIDString = 1000433A20D1BFC000359546;
			remoteInfo = IOS_Challenge_AvenueCode;
		};
/* End PBXContainerItemProxy section */

/* Begin PBXFileReference section */
		1000433B20D1BFC000359546 /* IOS_Challenge_AvenueCode.app */ = {isa = PBXFileReference; explicitFileType = wrapper.application; includeInIndex = 0; path = IOS_Challenge_AvenueCode.app; sourceTree = BUILT_PRODUCTS_DIR; };
		1000433E20D1BFC000359546 /* AppDelegate.swift */ = {isa = PBXFileReference; lastKnownFileType = sourcecode.swift; path = AppDelegate.swift; sourceTree = "<group>"; };
		1000434320D1BFC000359546 /* Base */ = {isa = PBXFileReference; lastKnownFileType = file.storyboard; name = Base; path = Base.lproj/Main.storyboard; sourceTree = "<group>"; };
		1000434620D1BFC000359546 /* IOS_Challenge_AvenueCode.xcdatamodel */ = {isa = PBXFileReference; lastKnownFileType = wrapper.xcdatamodel; path = IOS_Challenge_AvenueCode.xcdatamodel; sourceTree = "<group>"; };
		1000434820D1BFC100359546 /* Assets.xcassets */ = {isa = PBXFileReference; lastKnownFileType = folder.assetcatalog; path = Assets.xcassets; sourceTree = "<group>"; };
		1000434B20D1BFC100359546 /* Base */ = {isa = PBXFileReference; lastKnownFileType = file.storyboard; name = Base; path = Base.lproj/LaunchScreen.storyboard; sourceTree = "<group>"; };
		1000434D20D1BFC100359546 /* Info.plist */ = {isa = PBXFileReference; lastKnownFileType = text.plist.xml; path = Info.plist; sourceTree = "<group>"; };
		1000437020D1C2A300359546 /* SearchViewController.swift */ = {isa = PBXFileReference; fileEncoding = 4; lastKnownFileType = sourcecode.swift; path = SearchViewController.swift; sourceTree = "<group>"; };
		1000437220D1C2A900359546 /* SearchFooter.swift */ = {isa = PBXFileReference; fileEncoding = 4; lastKnownFileType = sourcecode.swift; path = SearchFooter.swift; sourceTree = "<group>"; };
		1000437420D1C2AE00359546 /* Location.swift */ = {isa = PBXFileReference; fileEncoding = 4; lastKnownFileType = sourcecode.swift; path = Location.swift; sourceTree = "<group>"; };
		1000437620D1C2B600359546 /* DetailViewController.swift */ = {isa = PBXFileReference; fileEncoding = 4; lastKnownFileType = sourcecode.swift; path = DetailViewController.swift; sourceTree = "<group>"; };
		100043D320D2099500359546 /* ModelTests.xctest */ = {isa = PBXFileReference; explicitFileType = wrapper.cfbundle; includeInIndex = 0; path = ModelTests.xctest; sourceTree = BUILT_PRODUCTS_DIR; };
		100043D520D2099500359546 /* ModelTests.swift */ = {isa = PBXFileReference; lastKnownFileType = sourcecode.swift; path = ModelTests.swift; sourceTree = "<group>"; };
		100043D720D2099500359546 /* Info.plist */ = {isa = PBXFileReference; lastKnownFileType = text.plist.xml; path = Info.plist; sourceTree = "<group>"; };
		100043E120D209B300359546 /* UITests.xctest */ = {isa = PBXFileReference; explicitFileType = wrapper.cfbundle; includeInIndex = 0; path = UITests.xctest; sourceTree = BUILT_PRODUCTS_DIR; };
		100043E320D209B300359546 /* UITests.swift */ = {isa = PBXFileReference; lastKnownFileType = sourcecode.swift; path = UITests.swift; sourceTree = "<group>"; };
		100043E520D209B300359546 /* Info.plist */ = {isa = PBXFileReference; lastKnownFileType = text.plist.xml; path = Info.plist; sourceTree = "<group>"; };
		10C972601FFE2794A5AE84DD /* libPods-IOS_Challenge_AvenueCode.a */ = {isa = PBXFileReference; explicitFileType = archive.ar; includeInIndex = 0; path = "libPods-IOS_Challenge_AvenueCode.a"; sourceTree = BUILT_PRODUCTS_DIR; };
		6CF851077D7082952AA754FB /* Pods-IOS_Challenge_AvenueCode.release.xcconfig */ = {isa = PBXFileReference; includeInIndex = 1; lastKnownFileType = text.xcconfig; name = "Pods-IOS_Challenge_AvenueCode.release.xcconfig"; path = "Pods/Target Support Files/Pods-IOS_Challenge_AvenueCode/Pods-IOS_Challenge_AvenueCode.release.xcconfig"; sourceTree = "<group>"; };
		750C32FB63A7AAB1CE8AE502 /* Pods-IOS_Challenge_AvenueCode.debug.xcconfig */ = {isa = PBXFileReference; includeInIndex = 1; lastKnownFileType = text.xcconfig; name = "Pods-IOS_Challenge_AvenueCode.debug.xcconfig"; path = "Pods/Target Support Files/Pods-IOS_Challenge_AvenueCode/Pods-IOS_Challenge_AvenueCode.debug.xcconfig"; sourceTree = "<group>"; };
		B4115F8BDA361F45559D9200 /* libPods-ModelTests.a */ = {isa = PBXFileReference; explicitFileType = archive.ar; includeInIndex = 0; path = "libPods-ModelTests.a"; sourceTree = BUILT_PRODUCTS_DIR; };
		E90F5D1532E006DA022FCC9F /* libPods-UITests.a */ = {isa = PBXFileReference; explicitFileType = archive.ar; includeInIndex = 0; path = "libPods-UITests.a"; sourceTree = BUILT_PRODUCTS_DIR; };
/* End PBXFileReference section */

/* Begin PBXFrameworksBuildPhase section */
		1000433820D1BFC000359546 /* Frameworks */ = {
			isa = PBXFrameworksBuildPhase;
			buildActionMask = 2147483647;
			files = (
				ACE862AFF40BDB0887F2E356 /* libPods-IOS_Challenge_AvenueCode.a in Frameworks */,
			);
			runOnlyForDeploymentPostprocessing = 0;
		};
		100043D020D2099500359546 /* Frameworks */ = {
			isa = PBXFrameworksBuildPhase;
			buildActionMask = 2147483647;
			files = (
			);
			runOnlyForDeploymentPostprocessing = 0;
		};
		100043DE20D209B300359546 /* Frameworks */ = {
			isa = PBXFrameworksBuildPhase;
			buildActionMask = 2147483647;
			files = (
			);
			runOnlyForDeploymentPostprocessing = 0;
		};
/* End PBXFrameworksBuildPhase section */

/* Begin PBXGroup section */
		1000433220D1BFC000359546 = {
			isa = PBXGroup;
			children = (
				1000433D20D1BFC000359546 /* IOS_Challenge_AvenueCode */,
				100043D420D2099500359546 /* ModelTests */,
				100043E220D209B300359546 /* UITests */,
				1000433C20D1BFC000359546 /* Products */,
				820613B52A5CF983C8AF0C54 /* Pods */,
				DD98084E43C4EAA066393266 /* Frameworks */,
			);
			sourceTree = "<group>";
		};
		1000433C20D1BFC000359546 /* Products */ = {
			isa = PBXGroup;
			children = (
				1000433B20D1BFC000359546 /* IOS_Challenge_AvenueCode.app */,
				100043D320D2099500359546 /* ModelTests.xctest */,
				100043E120D209B300359546 /* UITests.xctest */,
			);
			name = Products;
			sourceTree = "<group>";
		};
		1000433D20D1BFC000359546 /* IOS_Challenge_AvenueCode */ = {
			isa = PBXGroup;
			children = (
				1000437620D1C2B600359546 /* DetailViewController.swift */,
				1000437420D1C2AE00359546 /* Location.swift */,
				1000437220D1C2A900359546 /* SearchFooter.swift */,
				1000437020D1C2A300359546 /* SearchViewController.swift */,
				1000433E20D1BFC000359546 /* AppDelegate.swift */,
				1000434220D1BFC000359546 /* Main.storyboard */,
				1000434820D1BFC100359546 /* Assets.xcassets */,
				1000434A20D1BFC100359546 /* LaunchScreen.storyboard */,
				1000434D20D1BFC100359546 /* Info.plist */,
				1000434520D1BFC000359546 /* IOS_Challenge_AvenueCode.xcdatamodeld */,
			);
			path = IOS_Challenge_AvenueCode;
			sourceTree = "<group>";
		};
		100043D420D2099500359546 /* ModelTests */ = {
			isa = PBXGroup;
			children = (
				100043D520D2099500359546 /* ModelTests.swift */,
				100043D720D2099500359546 /* Info.plist */,
			);
			path = ModelTests;
			sourceTree = "<group>";
		};
		100043E220D209B300359546 /* UITests */ = {
			isa = PBXGroup;
			children = (
				100043E320D209B300359546 /* UITests.swift */,
				100043E520D209B300359546 /* Info.plist */,
			);
			path = UITests;
			sourceTree = "<group>";
		};
		820613B52A5CF983C8AF0C54 /* Pods */ = {
			isa = PBXGroup;
			children = (
				750C32FB63A7AAB1CE8AE502 /* Pods-IOS_Challenge_AvenueCode.debug.xcconfig */,
				6CF851077D7082952AA754FB /* Pods-IOS_Challenge_AvenueCode.release.xcconfig */,
			);
			name = Pods;
			sourceTree = "<group>";
		};
		DD98084E43C4EAA066393266 /* Frameworks */ = {
			isa = PBXGroup;
			children = (
				10C972601FFE2794A5AE84DD /* libPods-IOS_Challenge_AvenueCode.a */,
				B4115F8BDA361F45559D9200 /* libPods-ModelTests.a */,
				E90F5D1532E006DA022FCC9F /* libPods-UITests.a */,
			);
			name = Frameworks;
			sourceTree = "<group>";
		};
/* End PBXGroup section */

/* Begin PBXNativeTarget section */
		1000433A20D1BFC000359546 /* IOS_Challenge_AvenueCode */ = {
			isa = PBXNativeTarget;
			buildConfigurationList = 1000436620D1BFC100359546 /* Build configuration list for PBXNativeTarget "IOS_Challenge_AvenueCode" */;
			buildPhases = (
				26AF8E156F63D682B1794B15 /* [CP] Check Pods Manifest.lock */,
				1000433720D1BFC000359546 /* Sources */,
				1000433820D1BFC000359546 /* Frameworks */,
				1000433920D1BFC000359546 /* Resources */,
				BC703E8CAECFA793E3A398BB /* [CP] Copy Pods Resources */,
			);
			buildRules = (
			);
			dependencies = (
			);
			name = IOS_Challenge_AvenueCode;
			productName = IOS_Challenge_AvenueCode;
			productReference = 1000433B20D1BFC000359546 /* IOS_Challenge_AvenueCode.app */;
			productType = "com.apple.product-type.application";
		};
		100043D220D2099500359546 /* ModelTests */ = {
			isa = PBXNativeTarget;
			buildConfigurationList = 100043DA20D2099500359546 /* Build configuration list for PBXNativeTarget "ModelTests" */;
			buildPhases = (
				100043CF20D2099500359546 /* Sources */,
				100043D020D2099500359546 /* Frameworks */,
				100043D120D2099500359546 /* Resources */,
			);
			buildRules = (
			);
			dependencies = (
				100043D920D2099500359546 /* PBXTargetDependency */,
			);
			name = ModelTests;
			productName = ModelTests;
			productReference = 100043D320D2099500359546 /* ModelTests.xctest */;
			productType = "com.apple.product-type.bundle.unit-test";
		};
		100043E020D209B300359546 /* UITests */ = {
			isa = PBXNativeTarget;
			buildConfigurationList = 100043E820D209B300359546 /* Build configuration list for PBXNativeTarget "UITests" */;
			buildPhases = (
				100043DD20D209B300359546 /* Sources */,
				100043DE20D209B300359546 /* Frameworks */,
				100043DF20D209B300359546 /* Resources */,
			);
			buildRules = (
			);
			dependencies = (
				100043E720D209B300359546 /* PBXTargetDependency */,
			);
			name = UITests;
			productName = UITests;
			productReference = 100043E120D209B300359546 /* UITests.xctest */;
			productType = "com.apple.product-type.bundle.ui-testing";
		};
/* End PBXNativeTarget section */

/* Begin PBXProject section */
		1000433320D1BFC000359546 /* Project object */ = {
			isa = PBXProject;
			attributes = {
				LastSwiftUpdateCheck = 0940;
				LastUpgradeCheck = 0940;
				ORGANIZATIONNAME = "Henrique Valadares";
				TargetAttributes = {
					1000433A20D1BFC000359546 = {
						CreatedOnToolsVersion = 9.4;
						SystemCapabilities = {
							com.apple.BackgroundModes = {
								enabled = 1;
							};
						};
					};
					100043D220D2099500359546 = {
						CreatedOnToolsVersion = 9.4;
						TestTargetID = 1000433A20D1BFC000359546;
					};
					100043E020D209B300359546 = {
						CreatedOnToolsVersion = 9.4;
						TestTargetID = 1000433A20D1BFC000359546;
					};
				};
			};
			buildConfigurationList = 1000433620D1BFC000359546 /* Build configuration list for PBXProject "IOS_Challenge_AvenueCode" */;
			compatibilityVersion = "Xcode 9.3";
			developmentRegion = en;
			hasScannedForEncodings = 0;
			knownRegions = (
				en,
				Base,
			);
			mainGroup = 1000433220D1BFC000359546;
			productRefGroup = 1000433C20D1BFC000359546 /* Products */;
			projectDirPath = "";
			projectRoot = "";
			targets = (
				1000433A20D1BFC000359546 /* IOS_Challenge_AvenueCode */,
				100043D220D2099500359546 /* ModelTests */,
				100043E020D209B300359546 /* UITests */,
			);
		};
/* End PBXProject section */

/* Begin PBXResourcesBuildPhase section */
		1000433920D1BFC000359546 /* Resources */ = {
			isa = PBXResourcesBuildPhase;
			buildActionMask = 2147483647;
			files = (
				1000434C20D1BFC100359546 /* LaunchScreen.storyboard in Resources */,
				1000434920D1BFC100359546 /* Assets.xcassets in Resources */,
				1000434420D1BFC000359546 /* Main.storyboard in Resources */,
			);
			runOnlyForDeploymentPostprocessing = 0;
		};
		100043D120D2099500359546 /* Resources */ = {
			isa = PBXResourcesBuildPhase;
			buildActionMask = 2147483647;
			files = (
			);
			runOnlyForDeploymentPostprocessing = 0;
		};
		100043DF20D209B300359546 /* Resources */ = {
			isa = PBXResourcesBuildPhase;
			buildActionMask = 2147483647;
			files = (
			);
			runOnlyForDeploymentPostprocessing = 0;
		};
/* End PBXResourcesBuildPhase section */

/* Begin PBXShellScriptBuildPhase section */
		26AF8E156F63D682B1794B15 /* [CP] Check Pods Manifest.lock */ = {
			isa = PBXShellScriptBuildPhase;
			buildActionMask = 2147483647;
			files = (
			);
			inputPaths = (
				"${PODS_PODFILE_DIR_PATH}/Podfile.lock",
				"${PODS_ROOT}/Manifest.lock",
			);
			name = "[CP] Check Pods Manifest.lock";
			outputPaths = (
				"$(DERIVED_FILE_DIR)/Pods-IOS_Challenge_AvenueCode-checkManifestLockResult.txt",
			);
			runOnlyForDeploymentPostprocessing = 0;
			shellPath = /bin/sh;
			shellScript = "diff \"${PODS_PODFILE_DIR_PATH}/Podfile.lock\" \"${PODS_ROOT}/Manifest.lock\" > /dev/null\nif [ $? != 0 ] ; then\n    # print error to STDERR\n    echo \"error: The sandbox is not in sync with the Podfile.lock. Run 'pod install' or update your CocoaPods installation.\" >&2\n    exit 1\nfi\n# This output is used by Xcode 'outputs' to avoid re-running this script phase.\necho \"SUCCESS\" > \"${SCRIPT_OUTPUT_FILE_0}\"\n";
			showEnvVarsInLog = 0;
		};
		BC703E8CAECFA793E3A398BB /* [CP] Copy Pods Resources */ = {
			isa = PBXShellScriptBuildPhase;
			buildActionMask = 2147483647;
			files = (
			);
			inputPaths = (
				"${SRCROOT}/Pods/Target Support Files/Pods-IOS_Challenge_AvenueCode/Pods-IOS_Challenge_AvenueCode-resources.sh",
				"${PODS_ROOT}/GoogleMaps/Maps/Frameworks/GoogleMaps.framework/Resources/GoogleMaps.bundle",
				"${PODS_ROOT}/GooglePlaces/Frameworks/GooglePlaces.framework/Resources/GooglePlaces.bundle",
			);
			name = "[CP] Copy Pods Resources";
			outputPaths = (
				"${TARGET_BUILD_DIR}/${UNLOCALIZED_RESOURCES_FOLDER_PATH}/GoogleMaps.bundle",
				"${TARGET_BUILD_DIR}/${UNLOCALIZED_RESOURCES_FOLDER_PATH}/GooglePlaces.bundle",
			);
			runOnlyForDeploymentPostprocessing = 0;
			shellPath = /bin/sh;
			shellScript = "\"${SRCROOT}/Pods/Target Support Files/Pods-IOS_Challenge_AvenueCode/Pods-IOS_Challenge_AvenueCode-resources.sh\"\n";
			showEnvVarsInLog = 0;
		};
/* End PBXShellScriptBuildPhase section */

/* Begin PBXSourcesBuildPhase section */
		1000433720D1BFC000359546 /* Sources */ = {
			isa = PBXSourcesBuildPhase;
			buildActionMask = 2147483647;
			files = (
				1000437320D1C2A900359546 /* SearchFooter.swift in Sources */,
				1000437120D1C2A300359546 /* SearchViewController.swift in Sources */,
				1000433F20D1BFC000359546 /* AppDelegate.swift in Sources */,
				1000437520D1C2AE00359546 /* Location.swift in Sources */,
				1000434720D1BFC000359546 /* IOS_Challenge_AvenueCode.xcdatamodeld in Sources */,
				1000437720D1C2B600359546 /* DetailViewController.swift in Sources */,
			);
			runOnlyForDeploymentPostprocessing = 0;
		};
		100043CF20D2099500359546 /* Sources */ = {
			isa = PBXSourcesBuildPhase;
			buildActionMask = 2147483647;
			files = (
				100043D620D2099500359546 /* ModelTests.swift in Sources */,
			);
			runOnlyForDeploymentPostprocessing = 0;
		};
		100043DD20D209B300359546 /* Sources */ = {
			isa = PBXSourcesBuildPhase;
			buildActionMask = 2147483647;
			files = (
				100043E420D209B300359546 /* UITests.swift in Sources */,
			);
			runOnlyForDeploymentPostprocessing = 0;
		};
/* End PBXSourcesBuildPhase section */

/* Begin PBXTargetDependency section */
		100043D920D2099500359546 /* PBXTargetDependency */ = {
			isa = PBXTargetDependency;
			target = 1000433A20D1BFC000359546 /* IOS_Challenge_AvenueCode */;
			targetProxy = 100043D820D2099500359546 /* PBXContainerItemProxy */;
		};
		100043E720D209B300359546 /* PBXTargetDependency */ = {
			isa = PBXTargetDependency;
			target = 1000433A20D1BFC000359546 /* IOS_Challenge_AvenueCode */;
			targetProxy = 100043E620D209B300359546 /* PBXContainerItemProxy */;
		};
/* End PBXTargetDependency section */

/* Begin PBXVariantGroup section */
		1000434220D1BFC000359546 /* Main.storyboard */ = {
			isa = PBXVariantGroup;
			children = (
				1000434320D1BFC000359546 /* Base */,
			);
			name = Main.storyboard;
			sourceTree = "<group>";
		};
		1000434A20D1BFC100359546 /* LaunchScreen.storyboard */ = {
			isa = PBXVariantGroup;
			children = (
				1000434B20D1BFC100359546 /* Base */,
			);
			name = LaunchScreen.storyboard;
			sourceTree = "<group>";
		};
/* End PBXVariantGroup section */

/* Begin XCBuildConfiguration section */
		1000436420D1BFC100359546 /* Debug */ = {
			isa = XCBuildConfiguration;
			buildSettings = {
				ALWAYS_SEARCH_USER_PATHS = NO;
				CLANG_ANALYZER_NONNULL = YES;
				CLANG_ANALYZER_NUMBER_OBJECT_CONVERSION = YES_AGGRESSIVE;
				CLANG_CXX_LANGUAGE_STANDARD = "gnu++14";
				CLANG_CXX_LIBRARY = "libc++";
				CLANG_ENABLE_MODULES = YES;
				CLANG_ENABLE_OBJC_ARC = YES;
				CLANG_ENABLE_OBJC_WEAK = YES;
				CLANG_WARN_BLOCK_CAPTURE_AUTORELEASING = YES;
				CLANG_WARN_BOOL_CONVERSION = YES;
				CLANG_WARN_COMMA = YES;
				CLANG_WARN_CONSTANT_CONVERSION = YES;
				CLANG_WARN_DEPRECATED_OBJC_IMPLEMENTATIONS = YES;
				CLANG_WARN_DIRECT_OBJC_ISA_USAGE = YES_ERROR;
				CLANG_WARN_DOCUMENTATION_COMMENTS = YES;
				CLANG_WARN_EMPTY_BODY = YES;
				CLANG_WARN_ENUM_CONVERSION = YES;
				CLANG_WARN_INFINITE_RECURSION = YES;
				CLANG_WARN_INT_CONVERSION = YES;
				CLANG_WARN_NON_LITERAL_NULL_CONVERSION = YES;
				CLANG_WARN_OBJC_IMPLICIT_RETAIN_SELF = YES;
				CLANG_WARN_OBJC_LITERAL_CONVERSION = YES;
				CLANG_WARN_OBJC_ROOT_CLASS = YES_ERROR;
				CLANG_WARN_RANGE_LOOP_ANALYSIS = YES;
				CLANG_WARN_STRICT_PROTOTYPES = YES;
				CLANG_WARN_SUSPICIOUS_MOVE = YES;
				CLANG_WARN_UNGUARDED_AVAILABILITY = YES_AGGRESSIVE;
				CLANG_WARN_UNREACHABLE_CODE = YES;
				CLANG_WARN__DUPLICATE_METHOD_MATCH = YES;
				CODE_SIGN_IDENTITY = "iPhone Developer";
				COPY_PHASE_STRIP = NO;
				DEBUG_INFORMATION_FORMAT = dwarf;
				DEFINES_MODULE = YES;
				ENABLE_STRICT_OBJC_MSGSEND = YES;
				ENABLE_TESTABILITY = YES;
				GCC_C_LANGUAGE_STANDARD = gnu11;
				GCC_DYNAMIC_NO_PIC = NO;
				GCC_NO_COMMON_BLOCKS = YES;
				GCC_OPTIMIZATION_LEVEL = 0;
				GCC_PREPROCESSOR_DEFINITIONS = (
					"DEBUG=1",
					"$(inherited)",
				);
				GCC_WARN_64_TO_32_BIT_CONVERSION = YES;
				GCC_WARN_ABOUT_RETURN_TYPE = YES_ERROR;
				GCC_WARN_UNDECLARED_SELECTOR = YES;
				GCC_WARN_UNINITIALIZED_AUTOS = YES_AGGRESSIVE;
				GCC_WARN_UNUSED_FUNCTION = YES;
				GCC_WARN_UNUSED_VARIABLE = YES;
				IPHONEOS_DEPLOYMENT_TARGET = 11.4;
				MTL_ENABLE_DEBUG_INFO = YES;
				ONLY_ACTIVE_ARCH = YES;
				SDKROOT = iphoneos;
				SWIFT_ACTIVE_COMPILATION_CONDITIONS = DEBUG;
				SWIFT_OPTIMIZATION_LEVEL = "-Onone";
			};
			name = Debug;
		};
		1000436520D1BFC100359546 /* Release */ = {
			isa = XCBuildConfiguration;
			buildSettings = {
				ALWAYS_SEARCH_USER_PATHS = NO;
				CLANG_ANALYZER_NONNULL = YES;
				CLANG_ANALYZER_NUMBER_OBJECT_CONVERSION = YES_AGGRESSIVE;
				CLANG_CXX_LANGUAGE_STANDARD = "gnu++14";
				CLANG_CXX_LIBRARY = "libc++";
				CLANG_ENABLE_MODULES = YES;
				CLANG_ENABLE_OBJC_ARC = YES;
				CLANG_ENABLE_OBJC_WEAK = YES;
				CLANG_WARN_BLOCK_CAPTURE_AUTORELEASING = YES;
				CLANG_WARN_BOOL_CONVERSION = YES;
				CLANG_WARN_COMMA = YES;
				CLANG_WARN_CONSTANT_CONVERSION = YES;
				CLANG_WARN_DEPRECATED_OBJC_IMPLEMENTATIONS = YES;
				CLANG_WARN_DIRECT_OBJC_ISA_USAGE = YES_ERROR;
				CLANG_WARN_DOCUMENTATION_COMMENTS = YES;
				CLANG_WARN_EMPTY_BODY = YES;
				CLANG_WARN_ENUM_CONVERSION = YES;
				CLANG_WARN_INFINITE_RECURSION = YES;
				CLANG_WARN_INT_CONVERSION = YES;
				CLANG_WARN_NON_LITERAL_NULL_CONVERSION = YES;
				CLANG_WARN_OBJC_IMPLICIT_RETAIN_SELF = YES;
				CLANG_WARN_OBJC_LITERAL_CONVERSION = YES;
				CLANG_WARN_OBJC_ROOT_CLASS = YES_ERROR;
				CLANG_WARN_RANGE_LOOP_ANALYSIS = YES;
				CLANG_WARN_STRICT_PROTOTYPES = YES;
				CLANG_WARN_SUSPICIOUS_MOVE = YES;
				CLANG_WARN_UNGUARDED_AVAILABILITY = YES_AGGRESSIVE;
				CLANG_WARN_UNREACHABLE_CODE = YES;
				CLANG_WARN__DUPLICATE_METHOD_MATCH = YES;
				CODE_SIGN_IDENTITY = "iPhone Developer";
				COPY_PHASE_STRIP = NO;
				DEBUG_INFORMATION_FORMAT = "dwarf-with-dsym";
				DEFINES_MODULE = YES;
				ENABLE_NS_ASSERTIONS = NO;
				ENABLE_STRICT_OBJC_MSGSEND = YES;
				GCC_C_LANGUAGE_STANDARD = gnu11;
				GCC_NO_COMMON_BLOCKS = YES;
				GCC_WARN_64_TO_32_BIT_CONVERSION = YES;
				GCC_WARN_ABOUT_RETURN_TYPE = YES_ERROR;
				GCC_WARN_UNDECLARED_SELECTOR = YES;
				GCC_WARN_UNINITIALIZED_AUTOS = YES_AGGRESSIVE;
				GCC_WARN_UNUSED_FUNCTION = YES;
				GCC_WARN_UNUSED_VARIABLE = YES;
				IPHONEOS_DEPLOYMENT_TARGET = 11.4;
				MTL_ENABLE_DEBUG_INFO = NO;
				SDKROOT = iphoneos;
				SWIFT_COMPILATION_MODE = wholemodule;
				SWIFT_OPTIMIZATION_LEVEL = "-O";
				VALIDATE_PRODUCT = YES;
			};
			name = Release;
		};
		1000436720D1BFC100359546 /* Debug */ = {
			isa = XCBuildConfiguration;
			baseConfigurationReference = 750C32FB63A7AAB1CE8AE502 /* Pods-IOS_Challenge_AvenueCode.debug.xcconfig */;
			buildSettings = {
				ASSETCATALOG_COMPILER_APPICON_NAME = AppIcon;
				CODE_SIGN_STYLE = Automatic;
				DEVELOPMENT_TEAM = 8TDH2TUFVW;
				INFOPLIST_FILE = IOS_Challenge_AvenueCode/Info.plist;
				LD_RUNPATH_SEARCH_PATHS = (
					"$(inherited)",
					"@executable_path/Frameworks",
				);
				PRODUCT_BUNDLE_IDENTIFIER = "myOrganization.IOS-Challenge-AvenueCode";
				PRODUCT_NAME = "$(TARGET_NAME)";
				SWIFT_VERSION = 4.0;
				TARGETED_DEVICE_FAMILY = "1,2";
			};
			name = Debug;
		};
		1000436820D1BFC100359546 /* Release */ = {
			isa = XCBuildConfiguration;
			baseConfigurationReference = 6CF851077D7082952AA754FB /* Pods-IOS_Challenge_AvenueCode.release.xcconfig */;
			buildSettings = {
				ASSETCATALOG_COMPILER_APPICON_NAME = AppIcon;
				CODE_SIGN_STYLE = Automatic;
				DEVELOPMENT_TEAM = 8TDH2TUFVW;
				INFOPLIST_FILE = IOS_Challenge_AvenueCode/Info.plist;
				LD_RUNPATH_SEARCH_PATHS = (
					"$(inherited)",
					"@executable_path/Frameworks",
				);
				PRODUCT_BUNDLE_IDENTIFIER = "myOrganization.IOS-Challenge-AvenueCode";
				PRODUCT_NAME = "$(TARGET_NAME)";
				SWIFT_VERSION = 4.0;
				TARGETED_DEVICE_FAMILY = "1,2";
			};
			name = Release;
		};
		100043DB20D2099500359546 /* Debug */ = {
			isa = XCBuildConfiguration;
			baseConfigurationReference = 750C32FB63A7AAB1CE8AE502 /* Pods-IOS_Challenge_AvenueCode.debug.xcconfig */;
			buildSettings = {
				BUNDLE_LOADER = "$(TEST_HOST)";
				CODE_SIGN_STYLE = Automatic;
				DEVELOPMENT_TEAM = 8TDH2TUFVW;
				INFOPLIST_FILE = ModelTests/Info.plist;
				LD_RUNPATH_SEARCH_PATHS = (
					"$(inherited)",
					"@executable_path/Frameworks",
					"@loader_path/Frameworks",
				);
				PRODUCT_BUNDLE_IDENTIFIER = myOrganization.ModelTests;
				PRODUCT_NAME = "$(TARGET_NAME)";
				SWIFT_VERSION = 4.0;
				TARGETED_DEVICE_FAMILY = "1,2";
				TEST_HOST = "$(BUILT_PRODUCTS_DIR)/IOS_Challenge_AvenueCode.app/IOS_Challenge_AvenueCode";
			};
			name = Debug;
		};
		100043DC20D2099500359546 /* Release */ = {
			isa = XCBuildConfiguration;
			buildSettings = {
				BUNDLE_LOADER = "$(TEST_HOST)";
				CODE_SIGN_STYLE = Automatic;
				DEVELOPMENT_TEAM = 8TDH2TUFVW;
				INFOPLIST_FILE = ModelTests/Info.plist;
				LD_RUNPATH_SEARCH_PATHS = (
					"$(inherited)",
					"@executable_path/Frameworks",
					"@loader_path/Frameworks",
				);
				PRODUCT_BUNDLE_IDENTIFIER = myOrganization.ModelTests;
				PRODUCT_NAME = "$(TARGET_NAME)";
				SWIFT_VERSION = 4.0;
				TARGETED_DEVICE_FAMILY = "1,2";
				TEST_HOST = "$(BUILT_PRODUCTS_DIR)/IOS_Challenge_AvenueCode.app/IOS_Challenge_AvenueCode";
			};
			name = Release;
		};
		100043E920D209B300359546 /* Debug */ = {
			isa = XCBuildConfiguration;
			baseConfigurationReference = 750C32FB63A7AAB1CE8AE502 /* Pods-IOS_Challenge_AvenueCode.debug.xcconfig */;
			buildSettings = {
				CODE_SIGN_STYLE = Automatic;
				DEVELOPMENT_TEAM = 8TDH2TUFVW;
				INFOPLIST_FILE = UITests/Info.plist;
				LD_RUNPATH_SEARCH_PATHS = (
					"$(inherited)",
					"@executable_path/Frameworks",
					"@loader_path/Frameworks",
				);
				PRODUCT_BUNDLE_IDENTIFIER = myOrganization.UITests;
				PRODUCT_NAME = "$(TARGET_NAME)";
				SWIFT_VERSION = 4.0;
				TARGETED_DEVICE_FAMILY = "1,2";
				TEST_TARGET_NAME = IOS_Challenge_AvenueCode;
			};
			name = Debug;
		};
		100043EA20D209B300359546 /* Release */ = {
			isa = XCBuildConfiguration;
			buildSettings = {
				CODE_SIGN_STYLE = Automatic;
				DEVELOPMENT_TEAM = 8TDH2TUFVW;
				INFOPLIST_FILE = UITests/Info.plist;
				LD_RUNPATH_SEARCH_PATHS = (
					"$(inherited)",
					"@executable_path/Frameworks",
					"@loader_path/Frameworks",
				);
				PRODUCT_BUNDLE_IDENTIFIER = myOrganization.UITests;
				PRODUCT_NAME = "$(TARGET_NAME)";
				SWIFT_VERSION = 4.0;
				TARGETED_DEVICE_FAMILY = "1,2";
				TEST_TARGET_NAME = IOS_Challenge_AvenueCode;
			};
			name = Release;
		};
/* End XCBuildConfiguration section */

/* Begin XCConfigurationList section */
		1000433620D1BFC000359546 /* Build configuration list for PBXProject "IOS_Challenge_AvenueCode" */ = {
			isa = XCConfigurationList;
			buildConfigurations = (
				1000436420D1BFC100359546 /* Debug */,
				1000436520D1BFC100359546 /* Release */,
			);
			defaultConfigurationIsVisible = 0;
			defaultConfigurationName = Release;
		};
		1000436620D1BFC100359546 /* Build configuration list for PBXNativeTarget "IOS_Challenge_AvenueCode" */ = {
			isa = XCConfigurationList;
			buildConfigurations = (
				1000436720D1BFC100359546 /* Debug */,
				1000436820D1BFC100359546 /* Release */,
			);
			defaultConfigurationIsVisible = 0;
			defaultConfigurationName = Release;
		};
		100043DA20D2099500359546 /* Build configuration list for PBXNativeTarget "ModelTests" */ = {
			isa = XCConfigurationList;
			buildConfigurations = (
				100043DB20D2099500359546 /* Debug */,
				100043DC20D2099500359546 /* Release */,
			);
			defaultConfigurationIsVisible = 0;
			defaultConfigurationName = Release;
		};
		100043E820D209B300359546 /* Build configuration list for PBXNativeTarget "UITests" */ = {
			isa = XCConfigurationList;
			buildConfigurations = (
				100043E920D209B300359546 /* Debug */,
				100043EA20D209B300359546 /* Release */,
			);
			defaultConfigurationIsVisible = 0;
			defaultConfigurationName = Release;
		};
/* End XCConfigurationList section */

/* Begin XCVersionGroup section */
		1000434520D1BFC000359546 /* IOS_Challenge_AvenueCode.xcdatamodeld */ = {
			isa = XCVersionGroup;
			children = (
				1000434620D1BFC000359546 /* IOS_Challenge_AvenueCode.xcdatamodel */,
			);
			currentVersion = 1000434620D1BFC000359546 /* IOS_Challenge_AvenueCode.xcdatamodel */;
			path = IOS_Challenge_AvenueCode.xcdatamodeld;
			sourceTree = "<group>";
			versionGroupType = wrapper.xcdatamodel;
		};
/* End XCVersionGroup section */
	};
	rootObject = 1000433320D1BFC000359546 /* Project object */;
}
